
Microsoft Visual Studio Solution File, Format Version 12.00
# Visual Studio 2013
VisualStudioVersion = 12.0.20827.3
MinimumVisualStudioVersion = 10.0.40219.1
Project("{FAE04EC0-301F-11D3-BF4B-00C04F79EFBC}") = "PortableDI", "PortableDI\PortableDI.csproj", "{59A980F0-D1B2-4246-9147-3FB73F21BB89}"
EndProject
Project("{FAE04EC0-301F-11D3-BF4B-00C04F79EFBC}") = "PortableDI.Tests", "PortableDI.Tests\PortableDI.Tests.csproj", "{06504A02-01C9-401E-8A01-80593B05D110}"
EndProject
Global
	GlobalSection(TeamFoundationVersionControl) = preSolution
		SccNumberOfProjects = 3
		SccEnterpriseProvider = {4CA58AB2-18FA-4F8D-95D4-32DDF27D184C}
		SccTeamFoundationServer = https://tfs.codeplex.com/tfs/tfs15
		SccLocalPath0 = .
		SccProjectUniqueName1 = Geeks.PortableDI\\Geeks.PortableDI.csproj
		SccProjectName1 = Geeks.PortableDI
		SccLocalPath1 = Geeks.PortableDI
		SccProjectUniqueName2 = Geeks.PortableDI.Tests\\Geeks.PortableDI.Tests.csproj
		SccProjectName2 = Geeks.PortableDI.Tests
		SccLocalPath2 = Geeks.PortableDI.Tests
	EndGlobalSection
	GlobalSection(SolutionConfigurationPlatforms) = preSolution
		Debug|Any CPU = Debug|Any CPU
		Release|Any CPU = Release|Any CPU
	EndGlobalSection
	GlobalSection(ProjectConfigurationPlatforms) = postSolution
		{59A980F0-D1B2-4246-9147-3FB73F21BB89}.Debug|Any CPU.ActiveCfg = Debug|Any CPU
		{59A980F0-D1B2-4246-9147-3FB73F21BB89}.Debug|Any CPU.Build.0 = Debug|Any CPU
		{59A980F0-D1B2-4246-9147-3FB73F21BB89}.Release|Any CPU.ActiveCfg = Release|Any CPU
		{59A980F0-D1B2-4246-9147-3FB73F21BB89}.Release|Any CPU.Build.0 = Release|Any CPU
		{06504A02-01C9-401E-8A01-80593B05D110}.Debug|Any CPU.ActiveCfg = Debug|Any CPU
		{06504A02-01C9-401E-8A01-80593B05D110}.Debug|Any CPU.Build.0 = Debug|Any CPU
		{06504A02-01C9-401E-8A01-80593B05D110}.Release|Any CPU.ActiveCfg = Release|Any CPU
		{06504A02-01C9-401E-8A01-80593B05D110}.Release|Any CPU.Build.0 = Release|Any CPU
	EndGlobalSection
	GlobalSection(SolutionProperties) = preSolution
		HideSolutionNode = FALSE
	EndGlobalSection
EndGlobal
